
Microsoft Visual Studio Solution File, Format Version 11.00
# Visual Studio 2010
Project("{2150E333-8FDC-42A3-9474-1A3956D46DE8}") = "AgentFramework", "AgentFramework", "{8DC4B313-2A12-4ED7-B776-1330CA8A73EA}"
EndProject
Project("{2150E333-8FDC-42A3-9474-1A3956D46DE8}") = "Framework", "Framework", "{5054CC68-C8F9-47A5-86D9-E40538EF15BF}"
EndProject
Project("{2150E333-8FDC-42A3-9474-1A3956D46DE8}") = "Zfrong", "Zfrong", "{5AA95063-837E-4925-AB5F-C51DD461B3FC}"
EndProject
Project("{FAE04EC0-301F-11D3-BF4B-00C04F79EFBC}") = "Zfrong.Framework.Bussiness", "Framework\BussinessService\Zfrong.Framework.Bussiness.csproj", "{8CA5A51C-98BF-497E-9ECD-67F29E7933E5}"
EndProject
Project("{FAE04EC0-301F-11D3-BF4B-00C04F79EFBC}") = "Zfrong.Framework.CoreBase", "Framework\Contract\Zfrong.Framework.CoreBase.csproj", "{A6A2BB46-3FB5-4912-871E-FFD71F3FE37F}"
EndProject
Project("{FAE04EC0-301F-11D3-BF4B-00C04F79EFBC}") = "Zfrong.Framework.Repository", "Framework\DataAccess\Zfrong.Framework.Repository.csproj", "{13B523AC-F3CD-4578-AB5C-B5087DBE1BF2}"
EndProject
Project("{FAE04EC0-301F-11D3-BF4B-00C04F79EFBC}") = "Zfrong.Framework.Utils", "Framework\Utils\Zfrong.Framework.Utils.csproj", "{7CD675D3-E859-499B-ADA1-CCACC543E7BF}"
EndProject
Project("{FAE04EC0-301F-11D3-BF4B-00C04F79EFBC}") = "Zfrong.Framework.Mvc", "Framework\Mvc\Zfrong.Framework.Mvc\Zfrong.Framework.Mvc.csproj", "{98FFB1C3-6F33-426A-B1DE-A7F789F78961}"
EndProject
Project("{2150E333-8FDC-42A3-9474-1A3956D46DE8}") = "Services", "Services", "{CA12E22D-BA13-4B7E-8702-24CE247BBA7D}"
EndProject
Project("{2150E333-8FDC-42A3-9474-1A3956D46DE8}") = "Client", "Client", "{F0A03319-C484-4AEB-8A25-E89AA79B2DF8}"
EndProject
Project("{FAE04EC0-301F-11D3-BF4B-00C04F79EFBC}") = "Agent.ServiceClient", "Project\AgentFramework\Client\WcfClient\Agent.ServiceClient.csproj", "{40FBA81A-CBA8-4B20-9A50-26931CA13418}"
EndProject
Project("{FAE04EC0-301F-11D3-BF4B-00C04F79EFBC}") = "AgentFramework.Wcf", "Project\AgentFramework\Service\Wcf\AgentFramework.Wcf.csproj", "{E3F3B5FE-D77D-498C-836E-EE238337AA41}"
EndProject
Project("{FAE04EC0-301F-11D3-BF4B-00C04F79EFBC}") = "Zfrong.Framework.Core", "Framework\Zfrong.Framework.Interfaces\Zfrong.Framework.Core.csproj", "{DBB44665-71CA-4B5D-8ECF-53B7D327B62A}"
EndProject
Global
	GlobalSection(SolutionConfigurationPlatforms) = preSolution
		Debug|Any CPU = Debug|Any CPU
		Release|Any CPU = Release|Any CPU
	EndGlobalSection
	GlobalSection(ProjectConfigurationPlatforms) = postSolution
		{8CA5A51C-98BF-497E-9ECD-67F29E7933E5}.Debug|Any CPU.ActiveCfg = Debug|Any CPU
		{8CA5A51C-98BF-497E-9ECD-67F29E7933E5}.Debug|Any CPU.Build.0 = Debug|Any CPU
		{8CA5A51C-98BF-497E-9ECD-67F29E7933E5}.Release|Any CPU.ActiveCfg = Release|Any CPU
		{8CA5A51C-98BF-497E-9ECD-67F29E7933E5}.Release|Any CPU.Build.0 = Release|Any CPU
		{A6A2BB46-3FB5-4912-871E-FFD71F3FE37F}.Debug|Any CPU.ActiveCfg = Debug|Any CPU
		{A6A2BB46-3FB5-4912-871E-FFD71F3FE37F}.Debug|Any CPU.Build.0 = Debug|Any CPU
		{A6A2BB46-3FB5-4912-871E-FFD71F3FE37F}.Release|Any CPU.ActiveCfg = Release|Any CPU
		{A6A2BB46-3FB5-4912-871E-FFD71F3FE37F}.Release|Any CPU.Build.0 = Release|Any CPU
		{13B523AC-F3CD-4578-AB5C-B5087DBE1BF2}.Debug|Any CPU.ActiveCfg = Debug|Any CPU
		{13B523AC-F3CD-4578-AB5C-B5087DBE1BF2}.Debug|Any CPU.Build.0 = Debug|Any CPU
		{13B523AC-F3CD-4578-AB5C-B5087DBE1BF2}.Release|Any CPU.ActiveCfg = Release|Any CPU
		{13B523AC-F3CD-4578-AB5C-B5087DBE1BF2}.Release|Any CPU.Build.0 = Release|Any CPU
		{7CD675D3-E859-499B-ADA1-CCACC543E7BF}.Debug|Any CPU.ActiveCfg = Debug|Any CPU
		{7CD675D3-E859-499B-ADA1-CCACC543E7BF}.Debug|Any CPU.Build.0 = Debug|Any CPU
		{7CD675D3-E859-499B-ADA1-CCACC543E7BF}.Release|Any CPU.ActiveCfg = Release|Any CPU
		{7CD675D3-E859-499B-ADA1-CCACC543E7BF}.Release|Any CPU.Build.0 = Release|Any CPU
		{98FFB1C3-6F33-426A-B1DE-A7F789F78961}.Debug|Any CPU.ActiveCfg = Debug|Any CPU
		{98FFB1C3-6F33-426A-B1DE-A7F789F78961}.Debug|Any CPU.Build.0 = Debug|Any CPU
		{98FFB1C3-6F33-426A-B1DE-A7F789F78961}.Release|Any CPU.ActiveCfg = Release|Any CPU
		{98FFB1C3-6F33-426A-B1DE-A7F789F78961}.Release|Any CPU.Build.0 = Release|Any CPU
		{DBB44665-71CA-4B5D-8ECF-53B7D327B62A}.Debug|Any CPU.ActiveCfg = Debug|Any CPU
		{DBB44665-71CA-4B5D-8ECF-53B7D327B62A}.Debug|Any CPU.Build.0 = Debug|Any CPU
		{DBB44665-71CA-4B5D-8ECF-53B7D327B62A}.Release|Any CPU.ActiveCfg = Release|Any CPU
		{DBB44665-71CA-4B5D-8ECF-53B7D327B62A}.Release|Any CPU.Build.0 = Release|Any CPU
	EndGlobalSection
	GlobalSection(SolutionProperties) = preSolution
		HideSolutionNode = FALSE
	EndGlobalSection
	GlobalSection(NestedProjects) = preSolution
		{5054CC68-C8F9-47A5-86D9-E40538EF15BF} = {5AA95063-837E-4925-AB5F-C51DD461B3FC}
		{8DC4B313-2A12-4ED7-B776-1330CA8A73EA} = {5AA95063-837E-4925-AB5F-C51DD461B3FC}
		{8CA5A51C-98BF-497E-9ECD-67F29E7933E5} = {5054CC68-C8F9-47A5-86D9-E40538EF15BF}
		{A6A2BB46-3FB5-4912-871E-FFD71F3FE37F} = {5054CC68-C8F9-47A5-86D9-E40538EF15BF}
		{13B523AC-F3CD-4578-AB5C-B5087DBE1BF2} = {5054CC68-C8F9-47A5-86D9-E40538EF15BF}
		{7CD675D3-E859-499B-ADA1-CCACC543E7BF} = {5054CC68-C8F9-47A5-86D9-E40538EF15BF}
		{98FFB1C3-6F33-426A-B1DE-A7F789F78961} = {5054CC68-C8F9-47A5-86D9-E40538EF15BF}
		{DBB44665-71CA-4B5D-8ECF-53B7D327B62A} = {5054CC68-C8F9-47A5-86D9-E40538EF15BF}
		{CA12E22D-BA13-4B7E-8702-24CE247BBA7D} = {8DC4B313-2A12-4ED7-B776-1330CA8A73EA}
		{F0A03319-C484-4AEB-8A25-E89AA79B2DF8} = {8DC4B313-2A12-4ED7-B776-1330CA8A73EA}
		{E3F3B5FE-D77D-498C-836E-EE238337AA41} = {CA12E22D-BA13-4B7E-8702-24CE247BBA7D}
		{40FBA81A-CBA8-4B20-9A50-26931CA13418} = {F0A03319-C484-4AEB-8A25-E89AA79B2DF8}
	EndGlobalSection
	GlobalSection(SolutionConfigurationFrameworks) = preSolution
		Debug|Any CPU = Debug|Any CPU
		Release|Any CPU = Release|Any CPU
	EndGlobalSection
	GlobalSection(ProjectConfigurationFrameworks) = postSolution
		{8CA5A51C-98BF-497E-9ECD-67F29E7933E5}.Debug|Any CPU.ActiveCfg = Debug|Any CPU
		{8CA5A51C-98BF-497E-9ECD-67F29E7933E5}.Debug|Any CPU.Build.0 = Debug|Any CPU
		{8CA5A51C-98BF-497E-9ECD-67F29E7933E5}.Release|Any CPU.ActiveCfg = Release|Any CPU
		{8CA5A51C-98BF-497E-9ECD-67F29E7933E5}.Release|Any CPU.Build.0 = Release|Any CPU
		{A6A2BB46-3FB5-4912-871E-FFD71F3FE37F}.Debug|Any CPU.ActiveCfg = Debug|Any CPU
		{A6A2BB46-3FB5-4912-871E-FFD71F3FE37F}.Debug|Any CPU.Build.0 = Debug|Any CPU
		{A6A2BB46-3FB5-4912-871E-FFD71F3FE37F}.Release|Any CPU.ActiveCfg = Release|Any CPU
		{A6A2BB46-3FB5-4912-871E-FFD71F3FE37F}.Release|Any CPU.Build.0 = Release|Any CPU
		{13B523AC-F3CD-4578-AB5C-B5087DBE1BF2}.Debug|Any CPU.ActiveCfg = Debug|Any CPU
		{13B523AC-F3CD-4578-AB5C-B5087DBE1BF2}.Debug|Any CPU.Build.0 = Debug|Any CPU
		{13B523AC-F3CD-4578-AB5C-B5087DBE1BF2}.Release|Any CPU.ActiveCfg = Release|Any CPU
		{13B523AC-F3CD-4578-AB5C-B5087DBE1BF2}.Release|Any CPU.Build.0 = Release|Any CPU
		{7CD675D3-E859-499B-ADA1-CCACC543E7BF}.Debug|Any CPU.ActiveCfg = Debug|Any CPU
		{7CD675D3-E859-499B-ADA1-CCACC543E7BF}.Debug|Any CPU.Build.0 = Debug|Any CPU
		{7CD675D3-E859-499B-ADA1-CCACC543E7BF}.Release|Any CPU.ActiveCfg = Release|Any CPU
		{7CD675D3-E859-499B-ADA1-CCACC543E7BF}.Release|Any CPU.Build.0 = Release|Any CPU
		{98FFB1C3-6F33-426A-B1DE-A7F789F78961}.Debug|Any CPU.ActiveCfg = Debug|Any CPU
		{98FFB1C3-6F33-426A-B1DE-A7F789F78961}.Debug|Any CPU.Build.0 = Debug|Any CPU
		{98FFB1C3-6F33-426A-B1DE-A7F789F78961}.Release|Any CPU.ActiveCfg = Release|Any CPU
		{98FFB1C3-6F33-426A-B1DE-A7F789F78961}.Release|Any CPU.Build.0 = Release|Any CPU
		{40FBA81A-CBA8-4B20-9A50-26931CA13418}.Debug|Any CPU.ActiveCfg = Debug|Any CPU
		{40FBA81A-CBA8-4B20-9A50-26931CA13418}.Debug|Any CPU.Build.0 = Debug|Any CPU
		{40FBA81A-CBA8-4B20-9A50-26931CA13418}.Release|Any CPU.ActiveCfg = Release|Any CPU
		{40FBA81A-CBA8-4B20-9A50-26931CA13418}.Release|Any CPU.Build.0 = Release|Any CPU
		{E3F3B5FE-D77D-498C-836E-EE238337AA41}.Debug|Any CPU.ActiveCfg = Debug|Any CPU
		{E3F3B5FE-D77D-498C-836E-EE238337AA41}.Debug|Any CPU.Build.0 = Debug|Any CPU
		{E3F3B5FE-D77D-498C-836E-EE238337AA41}.Release|Any CPU.ActiveCfg = Release|Any CPU
		{E3F3B5FE-D77D-498C-836E-EE238337AA41}.Release|Any CPU.Build.0 = Release|Any CPU
		{DBB44665-71CA-4B5D-8ECF-53B7D327B62A}.Debug|Any CPU.ActiveCfg = Debug|Any CPU
		{DBB44665-71CA-4B5D-8ECF-53B7D327B62A}.Debug|Any CPU.Build.0 = Debug|Any CPU
		{DBB44665-71CA-4B5D-8ECF-53B7D327B62A}.Release|Any CPU.ActiveCfg = Release|Any CPU
		{DBB44665-71CA-4B5D-8ECF-53B7D327B62A}.Release|Any CPU.Build.0 = Release|Any CPU
	EndGlobalSection
EndGlobal
